{
  "name": "calenton",
  "version": "1.0.0",
  "lockfileVersion": 3,
  "requires": true,
  "packages": {
    "": {
      "name": "calenton",
      "version": "1.0.0",
      "license": "ISC",
      "dependencies": {
        "mathjax": "3.2.0"
      },
      "devDependencies": {
        "fuse.js": "^6.6.2"
      }
    },
    "node_modules/fuse.js": {
      "version": "6.6.2",
      "resolved": "https://registry.npmjs.org/fuse.js/-/fuse.js-6.6.2.tgz",
      "integrity": "sha512-cJaJkxCCxC8qIIcPBF9yGxY0W/tVZS3uEISDxhYIdtk8OL93pe+6Zj7LjCqVV4dzbqcriOZ+kQ/NE4RXZHsIGA==",
      "dev": true,
      "license": "Apache-2.0",
      "engines": {
        "node": ">=10"
      }
    },
    "node_modules/mathjax": {
      "version": "3.2.0",
      "resolved": "https://registry.npmjs.org/mathjax/-/mathjax-3.2.0.tgz",
      "integrity": "sha512-PL+rdYRK4Wxif+SQ94zP/L0sv6/oW/1WdQiIx0Jvn9FZaU5W9E6nlIv8liYAXBNPL2Fw/i+o/mZ1212eSzn0Cw=="
    }
  }
}
